{"name":"guardian-fixture","version":"1.0.0","lockfileVersion":3,"packages":{"":{"name":"guardian-fixture","version":"1.0.0","dependencies":{"lodash":"4.17.20","alias-lodash":"npm:lodash@4.17.20","foo":"1.0.0"}},"node_modules/lodash":{"version":"4.17.20"},"node_modules/alias-lodash":{"name":"lodash","version":"4.17.20"},"node_modules/foo":{"version":"1.0.0","dependencies":{"bar":"^2.0.0"}},"node_modules/foo/node_modules/bar":{"version":"2.0.0"},"node_modules/local":{"resolved":"packages/local","link":true},"packages/local":{"name":"local","version":"1.0.0"}}}
